
Microsoft Visual Studio Solution File, Format Version 12.00
# Visual Studio Version 16
VisualStudioVersion = 16.0.31729.503
MinimumVisualStudioVersion = 10.0.40219.1
Project("{F184B08F-C81C-45F6-A57F-5ABD9991F28F}") = "ArtemisArtsTestWebsite", "ArtemisArtsTestWebsite\ArtemisArtsTestWebsite.vbproj", "{ACF302BA-1F2D-4646-823B-98B49A34B3FF}"
EndProject
Global
	GlobalSection(SolutionConfigurationPlatforms) = preSolution
		Debug|Any CPU = Debug|Any CPU
		Release|Any CPU = Release|Any CPU
	EndGlobalSection
	GlobalSection(ProjectConfigurationPlatforms) = postSolution
		{ACF302BA-1F2D-4646-823B-98B49A34B3FF}.Debug|Any CPU.ActiveCfg = Debug|Any CPU
		{ACF302BA-1F2D-4646-823B-98B49A34B3FF}.Debug|Any CPU.Build.0 = Debug|Any CPU
		{ACF302BA-1F2D-4646-823B-98B49A34B3FF}.Release|Any CPU.ActiveCfg = Release|Any CPU
		{ACF302BA-1F2D-4646-823B-98B49A34B3FF}.Release|Any CPU.Build.0 = Release|Any CPU
	EndGlobalSection
	GlobalSection(SolutionProperties) = preSolution
		HideSolutionNode = FALSE
	EndGlobalSection
	GlobalSection(ExtensibilityGlobals) = postSolution
		SolutionGuid = {360784F7-388A-4320-BDE8-DC782E177110}
	EndGlobalSection
EndGlobal
