
Microsoft Visual Studio Solution File, Format Version 12.00
# Visual Studio Version 16
VisualStudioVersion = 16.0.31729.503
MinimumVisualStudioVersion = 10.0.40219.1
Project("{FAE04EC0-301F-11D3-BF4B-00C04F79EFBC}") = "ArtemisArtsTestWebsite_Take2", "ArtemisArtsTestWebsite_Take2\ArtemisArtsTestWebsite_Take2.csproj", "{560B9169-4EC9-4C40-8828-CCECAC877180}"
EndProject
Global
	GlobalSection(SolutionConfigurationPlatforms) = preSolution
		Debug|Any CPU = Debug|Any CPU
		Release|Any CPU = Release|Any CPU
	EndGlobalSection
	GlobalSection(ProjectConfigurationPlatforms) = postSolution
		{560B9169-4EC9-4C40-8828-CCECAC877180}.Debug|Any CPU.ActiveCfg = Debug|Any CPU
		{560B9169-4EC9-4C40-8828-CCECAC877180}.Debug|Any CPU.Build.0 = Debug|Any CPU
		{560B9169-4EC9-4C40-8828-CCECAC877180}.Release|Any CPU.ActiveCfg = Release|Any CPU
		{560B9169-4EC9-4C40-8828-CCECAC877180}.Release|Any CPU.Build.0 = Release|Any CPU
	EndGlobalSection
	GlobalSection(SolutionProperties) = preSolution
		HideSolutionNode = FALSE
	EndGlobalSection
	GlobalSection(ExtensibilityGlobals) = postSolution
		SolutionGuid = {24A154D0-14D6-4B9D-975F-A86E9A811700}
	EndGlobalSection
EndGlobal
